{
  "name": "@docufy/docufy",
  "version": "1.0.0",
  "lockfileVersion": 3,
  "requires": true,
  "packages": {
    "": {
      "name": "@docufy/docufy",
      "version": "1.0.0",
      "dependencies": {
        "@docufy/core": "file:../core"
      }
    },
    "../core": {
      "version": "0.1.0",
      "dependencies": {
        "@types/node": "^20.4.2",
        "pug": "^3.0.2",
        "yargs": "^17.7.2"
      },
      "devDependencies": {
        "@types/lodash": "^4.14.195",
        "@types/pug": "^2.0.6",
        "@types/yargs": "^17.0.24",
        "@typescript-eslint/eslint-plugin": "^6.1.0",
        "@typescript-eslint/parser": "^6.1.0",
        "eslint": "^8.45.0",
        "lodash": "^4.17.21",
        "prettier": "^3.0.0",
        "typescript": "^5.1.6"
      }
    },
    "node_modules/@docufy/core": {
      "resolved": "../core",
      "link": true
    }
  }
}
