{
  "name": "@docufy/docufy",
  "version": "1.0.0",
  "lockfileVersion": 3,
  "requires": true,
  "packages": {
    "": {
      "name": "@docufy/docufy",
      "version": "1.0.0",
      "dependencies": {
        "@docufy/core": "file:../core/packages/core",
        "@docufy/theme-builder": "file:../core/packages/theme-builder"
      }
    },
    "../core/packages/core": {
      "version": "1.0.0",
      "dependencies": {
        "@docufy/theme-builder": "^1.0.0"
      },
      "bin": {
        "docufy": "bin/docufy"
      }
    },
    "../core/packages/theme-builder": {
      "version": "1.0.0"
    },
    "node_modules/@docufy/core": {
      "resolved": "../core/packages/core",
      "link": true
    },
    "node_modules/@docufy/theme-builder": {
      "resolved": "../core/packages/theme-builder",
      "link": true
    }
  }
}
